
Microsoft Visual Studio Solution File, Format Version 12.00
# Visual Studio Version 17
VisualStudioVersion = 17.1.32414.318
MinimumVisualStudioVersion = 10.0.40219.1
Project("{FAE04EC0-301F-11D3-BF4B-00C04F79EFBC}") = "Examen", "Examen\Examen.csproj", "{3A05F93B-62FE-483E-A843-08CAEE6C62A5}"
EndProject
Project("{FAE04EC0-301F-11D3-BF4B-00C04F79EFBC}") = "Modelos", "Modelos\Modelos.csproj", "{CACD350C-B9B7-458D-AF15-9B58CB94E107}"
EndProject
Project("{FAE04EC0-301F-11D3-BF4B-00C04F79EFBC}") = "Datos", "Datos\Datos.csproj", "{1FD43224-4998-484D-A725-1006C5266E66}"
EndProject
Global
	GlobalSection(SolutionConfigurationPlatforms) = preSolution
		Debug|Any CPU = Debug|Any CPU
		Release|Any CPU = Release|Any CPU
	EndGlobalSection
	GlobalSection(ProjectConfigurationPlatforms) = postSolution
		{3A05F93B-62FE-483E-A843-08CAEE6C62A5}.Debug|Any CPU.ActiveCfg = Debug|Any CPU
		{3A05F93B-62FE-483E-A843-08CAEE6C62A5}.Debug|Any CPU.Build.0 = Debug|Any CPU
		{3A05F93B-62FE-483E-A843-08CAEE6C62A5}.Release|Any CPU.ActiveCfg = Release|Any CPU
		{3A05F93B-62FE-483E-A843-08CAEE6C62A5}.Release|Any CPU.Build.0 = Release|Any CPU
		{CACD350C-B9B7-458D-AF15-9B58CB94E107}.Debug|Any CPU.ActiveCfg = Debug|Any CPU
		{CACD350C-B9B7-458D-AF15-9B58CB94E107}.Debug|Any CPU.Build.0 = Debug|Any CPU
		{CACD350C-B9B7-458D-AF15-9B58CB94E107}.Release|Any CPU.ActiveCfg = Release|Any CPU
		{CACD350C-B9B7-458D-AF15-9B58CB94E107}.Release|Any CPU.Build.0 = Release|Any CPU
		{1FD43224-4998-484D-A725-1006C5266E66}.Debug|Any CPU.ActiveCfg = Debug|Any CPU
		{1FD43224-4998-484D-A725-1006C5266E66}.Debug|Any CPU.Build.0 = Debug|Any CPU
		{1FD43224-4998-484D-A725-1006C5266E66}.Release|Any CPU.ActiveCfg = Release|Any CPU
		{1FD43224-4998-484D-A725-1006C5266E66}.Release|Any CPU.Build.0 = Release|Any CPU
	EndGlobalSection
	GlobalSection(SolutionProperties) = preSolution
		HideSolutionNode = FALSE
	EndGlobalSection
	GlobalSection(ExtensibilityGlobals) = postSolution
		SolutionGuid = {D1FDEF2A-8685-4EFF-85AD-A8711B283F8E}
	EndGlobalSection
EndGlobal
